
Microsoft Visual Studio Solution File, Format Version 12.00
# Visual Studio Version 17
VisualStudioVersion = 17.1.32210.238
MinimumVisualStudioVersion = 10.0.40219.1
Project("{FAE04EC0-301F-11D3-BF4B-00C04F79EFBC}") = "CustomerManager", "CustomerManager\CustomerManager.csproj", "{76F152E7-1718-4ACF-AE24-366C18FC9536}"
EndProject
Project("{FAE04EC0-301F-11D3-BF4B-00C04F79EFBC}") = "CodeFirst", "CodeFirst\CodeFirst.csproj", "{577C2819-517F-4820-BAB7-B88B0B48002F}"
EndProject
Global
	GlobalSection(SolutionConfigurationPlatforms) = preSolution
		Debug|Any CPU = Debug|Any CPU
		Release|Any CPU = Release|Any CPU
	EndGlobalSection
	GlobalSection(ProjectConfigurationPlatforms) = postSolution
		{76F152E7-1718-4ACF-AE24-366C18FC9536}.Debug|Any CPU.ActiveCfg = Debug|Any CPU
		{76F152E7-1718-4ACF-AE24-366C18FC9536}.Debug|Any CPU.Build.0 = Debug|Any CPU
		{76F152E7-1718-4ACF-AE24-366C18FC9536}.Release|Any CPU.ActiveCfg = Release|Any CPU
		{76F152E7-1718-4ACF-AE24-366C18FC9536}.Release|Any CPU.Build.0 = Release|Any CPU
		{577C2819-517F-4820-BAB7-B88B0B48002F}.Debug|Any CPU.ActiveCfg = Debug|Any CPU
		{577C2819-517F-4820-BAB7-B88B0B48002F}.Debug|Any CPU.Build.0 = Debug|Any CPU
		{577C2819-517F-4820-BAB7-B88B0B48002F}.Release|Any CPU.ActiveCfg = Release|Any CPU
		{577C2819-517F-4820-BAB7-B88B0B48002F}.Release|Any CPU.Build.0 = Release|Any CPU
	EndGlobalSection
	GlobalSection(SolutionProperties) = preSolution
		HideSolutionNode = FALSE
	EndGlobalSection
	GlobalSection(ExtensibilityGlobals) = postSolution
		SolutionGuid = {D41F6A0B-E33C-4B3D-9867-7BE1C6E2BAB6}
	EndGlobalSection
EndGlobal
